
Microsoft Visual Studio Solution File, Format Version 12.00
# Visual Studio 2012
VisualStudioVersion = 12.0.21005.1
MinimumVisualStudioVersion = 10.0.40219.1
Project("{FAE04EC0-301F-11D3-BF4B-00C04F79EFBC}") = "Restful", "Restful\Restful.csproj", "{ECEDCBF3-7039-4A01-B87A-DA84DA939404}"
EndProject
Project("{FAE04EC0-301F-11D3-BF4B-00C04F79EFBC}") = "Restful.Data", "Restful.Data\Restful.Data.csproj", "{4BA05EF7-5312-4B37-B0A2-07E68DD05BEA}"
EndProject
Project("{FAE04EC0-301F-11D3-BF4B-00C04F79EFBC}") = "Restful.Data.MySql", "Restful.Data.MySql\Restful.Data.MySql.csproj", "{C0CF8F4F-8D96-43C8-92A2-35029C643A84}"
EndProject
Project("{FAE04EC0-301F-11D3-BF4B-00C04F79EFBC}") = "Restful.NUnitTests", "Restful.NUnitTests\Restful.NUnitTests.csproj", "{11E5DAF2-F969-42E1-8C4F-4156A0856F02}"
EndProject
Project("{FAE04EC0-301F-11D3-BF4B-00C04F79EFBC}") = "Restful.Linq", "Restful.Linq\Restful.Linq.csproj", "{39D214BE-3A4A-4174-8C53-5B7B5654D1AA}"
EndProject
Project("{FAE04EC0-301F-11D3-BF4B-00C04F79EFBC}") = "Restful.Data.SqlServer", "Restful.Data.SqlServer\Restful.Data.SqlServer.csproj", "{E421F9CE-9BD9-4A85-8CF4-4919B013063E}"
EndProject
Project("{FAE04EC0-301F-11D3-BF4B-00C04F79EFBC}") = "Restful.Data.Oracle", "Restful.Data.Oracle\Restful.Data.Oracle.csproj", "{D42F1E6A-CD91-49CE-B3D0-95906C62C471}"
EndProject
Global
	GlobalSection(SolutionConfigurationPlatforms) = preSolution
		Debug|Any CPU = Debug|Any CPU
		MONO28-Debug|Any CPU = MONO28-Debug|Any CPU
		MONO28-Release|Any CPU = MONO28-Release|Any CPU
		NET35-Debug|Any CPU = NET35-Debug|Any CPU
		NET35-Release|Any CPU = NET35-Release|Any CPU
		NET40-Debug|Any CPU = NET40-Debug|Any CPU
		NET40-Release|Any CPU = NET40-Release|Any CPU
		NET45-Debug|Any CPU = NET45-Debug|Any CPU
		NET45-Release|Any CPU = NET45-Release|Any CPU
		Release|Any CPU = Release|Any CPU
		SL40-Debug|Any CPU = SL40-Debug|Any CPU
		SL40-Release|Any CPU = SL40-Release|Any CPU
		SL50-Debug|Any CPU = SL50-Debug|Any CPU
		SL50-Release|Any CPU = SL50-Release|Any CPU
	EndGlobalSection
	GlobalSection(ProjectConfigurationPlatforms) = postSolution
		{11E5DAF2-F969-42E1-8C4F-4156A0856F02}.Debug|Any CPU.ActiveCfg = Debug|Any CPU
		{11E5DAF2-F969-42E1-8C4F-4156A0856F02}.Debug|Any CPU.Build.0 = Debug|Any CPU
		{11E5DAF2-F969-42E1-8C4F-4156A0856F02}.MONO28-Debug|Any CPU.ActiveCfg = Debug|Any CPU
		{11E5DAF2-F969-42E1-8C4F-4156A0856F02}.MONO28-Debug|Any CPU.Build.0 = Debug|Any CPU
		{11E5DAF2-F969-42E1-8C4F-4156A0856F02}.MONO28-Release|Any CPU.ActiveCfg = Debug|Any CPU
		{11E5DAF2-F969-42E1-8C4F-4156A0856F02}.MONO28-Release|Any CPU.Build.0 = Debug|Any CPU
		{11E5DAF2-F969-42E1-8C4F-4156A0856F02}.NET35-Debug|Any CPU.ActiveCfg = Debug|Any CPU
		{11E5DAF2-F969-42E1-8C4F-4156A0856F02}.NET35-Debug|Any CPU.Build.0 = Debug|Any CPU
		{11E5DAF2-F969-42E1-8C4F-4156A0856F02}.NET35-Release|Any CPU.ActiveCfg = Debug|Any CPU
		{11E5DAF2-F969-42E1-8C4F-4156A0856F02}.NET35-Release|Any CPU.Build.0 = Debug|Any CPU
		{11E5DAF2-F969-42E1-8C4F-4156A0856F02}.NET40-Debug|Any CPU.ActiveCfg = Debug|Any CPU
		{11E5DAF2-F969-42E1-8C4F-4156A0856F02}.NET40-Debug|Any CPU.Build.0 = Debug|Any CPU
		{11E5DAF2-F969-42E1-8C4F-4156A0856F02}.NET40-Release|Any CPU.ActiveCfg = Debug|Any CPU
		{11E5DAF2-F969-42E1-8C4F-4156A0856F02}.NET40-Release|Any CPU.Build.0 = Debug|Any CPU
		{11E5DAF2-F969-42E1-8C4F-4156A0856F02}.NET45-Debug|Any CPU.ActiveCfg = Debug|Any CPU
		{11E5DAF2-F969-42E1-8C4F-4156A0856F02}.NET45-Debug|Any CPU.Build.0 = Debug|Any CPU
		{11E5DAF2-F969-42E1-8C4F-4156A0856F02}.NET45-Release|Any CPU.ActiveCfg = Debug|Any CPU
		{11E5DAF2-F969-42E1-8C4F-4156A0856F02}.NET45-Release|Any CPU.Build.0 = Debug|Any CPU
		{11E5DAF2-F969-42E1-8C4F-4156A0856F02}.Release|Any CPU.ActiveCfg = Release|Any CPU
		{11E5DAF2-F969-42E1-8C4F-4156A0856F02}.Release|Any CPU.Build.0 = Release|Any CPU
		{11E5DAF2-F969-42E1-8C4F-4156A0856F02}.SL40-Debug|Any CPU.ActiveCfg = Debug|Any CPU
		{11E5DAF2-F969-42E1-8C4F-4156A0856F02}.SL40-Debug|Any CPU.Build.0 = Debug|Any CPU
		{11E5DAF2-F969-42E1-8C4F-4156A0856F02}.SL40-Release|Any CPU.ActiveCfg = Debug|Any CPU
		{11E5DAF2-F969-42E1-8C4F-4156A0856F02}.SL40-Release|Any CPU.Build.0 = Debug|Any CPU
		{11E5DAF2-F969-42E1-8C4F-4156A0856F02}.SL50-Debug|Any CPU.ActiveCfg = Debug|Any CPU
		{11E5DAF2-F969-42E1-8C4F-4156A0856F02}.SL50-Debug|Any CPU.Build.0 = Debug|Any CPU
		{11E5DAF2-F969-42E1-8C4F-4156A0856F02}.SL50-Release|Any CPU.ActiveCfg = Debug|Any CPU
		{11E5DAF2-F969-42E1-8C4F-4156A0856F02}.SL50-Release|Any CPU.Build.0 = Debug|Any CPU
		{39D214BE-3A4A-4174-8C53-5B7B5654D1AA}.Debug|Any CPU.ActiveCfg = Debug|Any CPU
		{39D214BE-3A4A-4174-8C53-5B7B5654D1AA}.Debug|Any CPU.Build.0 = Debug|Any CPU
		{39D214BE-3A4A-4174-8C53-5B7B5654D1AA}.MONO28-Debug|Any CPU.ActiveCfg = Debug|Any CPU
		{39D214BE-3A4A-4174-8C53-5B7B5654D1AA}.MONO28-Debug|Any CPU.Build.0 = Debug|Any CPU
		{39D214BE-3A4A-4174-8C53-5B7B5654D1AA}.MONO28-Release|Any CPU.ActiveCfg = Debug|Any CPU
		{39D214BE-3A4A-4174-8C53-5B7B5654D1AA}.MONO28-Release|Any CPU.Build.0 = Debug|Any CPU
		{39D214BE-3A4A-4174-8C53-5B7B5654D1AA}.NET35-Debug|Any CPU.ActiveCfg = Debug|Any CPU
		{39D214BE-3A4A-4174-8C53-5B7B5654D1AA}.NET35-Debug|Any CPU.Build.0 = Debug|Any CPU
		{39D214BE-3A4A-4174-8C53-5B7B5654D1AA}.NET35-Release|Any CPU.ActiveCfg = Debug|Any CPU
		{39D214BE-3A4A-4174-8C53-5B7B5654D1AA}.NET35-Release|Any CPU.Build.0 = Debug|Any CPU
		{39D214BE-3A4A-4174-8C53-5B7B5654D1AA}.NET40-Debug|Any CPU.ActiveCfg = Debug|Any CPU
		{39D214BE-3A4A-4174-8C53-5B7B5654D1AA}.NET40-Debug|Any CPU.Build.0 = Debug|Any CPU
		{39D214BE-3A4A-4174-8C53-5B7B5654D1AA}.NET40-Release|Any CPU.ActiveCfg = Debug|Any CPU
		{39D214BE-3A4A-4174-8C53-5B7B5654D1AA}.NET40-Release|Any CPU.Build.0 = Debug|Any CPU
		{39D214BE-3A4A-4174-8C53-5B7B5654D1AA}.NET45-Debug|Any CPU.ActiveCfg = Debug|Any CPU
		{39D214BE-3A4A-4174-8C53-5B7B5654D1AA}.NET45-Debug|Any CPU.Build.0 = Debug|Any CPU
		{39D214BE-3A4A-4174-8C53-5B7B5654D1AA}.NET45-Release|Any CPU.ActiveCfg = Debug|Any CPU
		{39D214BE-3A4A-4174-8C53-5B7B5654D1AA}.NET45-Release|Any CPU.Build.0 = Debug|Any CPU
		{39D214BE-3A4A-4174-8C53-5B7B5654D1AA}.Release|Any CPU.ActiveCfg = Release|Any CPU
		{39D214BE-3A4A-4174-8C53-5B7B5654D1AA}.Release|Any CPU.Build.0 = Release|Any CPU
		{39D214BE-3A4A-4174-8C53-5B7B5654D1AA}.SL40-Debug|Any CPU.ActiveCfg = Debug|Any CPU
		{39D214BE-3A4A-4174-8C53-5B7B5654D1AA}.SL40-Debug|Any CPU.Build.0 = Debug|Any CPU
		{39D214BE-3A4A-4174-8C53-5B7B5654D1AA}.SL40-Release|Any CPU.ActiveCfg = Debug|Any CPU
		{39D214BE-3A4A-4174-8C53-5B7B5654D1AA}.SL40-Release|Any CPU.Build.0 = Debug|Any CPU
		{39D214BE-3A4A-4174-8C53-5B7B5654D1AA}.SL50-Debug|Any CPU.ActiveCfg = Debug|Any CPU
		{39D214BE-3A4A-4174-8C53-5B7B5654D1AA}.SL50-Debug|Any CPU.Build.0 = Debug|Any CPU
		{39D214BE-3A4A-4174-8C53-5B7B5654D1AA}.SL50-Release|Any CPU.ActiveCfg = Debug|Any CPU
		{39D214BE-3A4A-4174-8C53-5B7B5654D1AA}.SL50-Release|Any CPU.Build.0 = Debug|Any CPU
		{4BA05EF7-5312-4B37-B0A2-07E68DD05BEA}.Debug|Any CPU.ActiveCfg = Debug|Any CPU
		{4BA05EF7-5312-4B37-B0A2-07E68DD05BEA}.Debug|Any CPU.Build.0 = Debug|Any CPU
		{4BA05EF7-5312-4B37-B0A2-07E68DD05BEA}.MONO28-Debug|Any CPU.ActiveCfg = Debug|Any CPU
		{4BA05EF7-5312-4B37-B0A2-07E68DD05BEA}.MONO28-Debug|Any CPU.Build.0 = Debug|Any CPU
		{4BA05EF7-5312-4B37-B0A2-07E68DD05BEA}.MONO28-Release|Any CPU.ActiveCfg = Debug|Any CPU
		{4BA05EF7-5312-4B37-B0A2-07E68DD05BEA}.MONO28-Release|Any CPU.Build.0 = Debug|Any CPU
		{4BA05EF7-5312-4B37-B0A2-07E68DD05BEA}.NET35-Debug|Any CPU.ActiveCfg = Debug|Any CPU
		{4BA05EF7-5312-4B37-B0A2-07E68DD05BEA}.NET35-Debug|Any CPU.Build.0 = Debug|Any CPU
		{4BA05EF7-5312-4B37-B0A2-07E68DD05BEA}.NET35-Release|Any CPU.ActiveCfg = Debug|Any CPU
		{4BA05EF7-5312-4B37-B0A2-07E68DD05BEA}.NET35-Release|Any CPU.Build.0 = Debug|Any CPU
		{4BA05EF7-5312-4B37-B0A2-07E68DD05BEA}.NET40-Debug|Any CPU.ActiveCfg = Debug|Any CPU
		{4BA05EF7-5312-4B37-B0A2-07E68DD05BEA}.NET40-Debug|Any CPU.Build.0 = Debug|Any CPU
		{4BA05EF7-5312-4B37-B0A2-07E68DD05BEA}.NET40-Release|Any CPU.ActiveCfg = Debug|Any CPU
		{4BA05EF7-5312-4B37-B0A2-07E68DD05BEA}.NET40-Release|Any CPU.Build.0 = Debug|Any CPU
		{4BA05EF7-5312-4B37-B0A2-07E68DD05BEA}.NET45-Debug|Any CPU.ActiveCfg = Debug|Any CPU
		{4BA05EF7-5312-4B37-B0A2-07E68DD05BEA}.NET45-Debug|Any CPU.Build.0 = Debug|Any CPU
		{4BA05EF7-5312-4B37-B0A2-07E68DD05BEA}.NET45-Release|Any CPU.ActiveCfg = Debug|Any CPU
		{4BA05EF7-5312-4B37-B0A2-07E68DD05BEA}.NET45-Release|Any CPU.Build.0 = Debug|Any CPU
		{4BA05EF7-5312-4B37-B0A2-07E68DD05BEA}.Release|Any CPU.ActiveCfg = Release|Any CPU
		{4BA05EF7-5312-4B37-B0A2-07E68DD05BEA}.Release|Any CPU.Build.0 = Release|Any CPU
		{4BA05EF7-5312-4B37-B0A2-07E68DD05BEA}.SL40-Debug|Any CPU.ActiveCfg = Debug|Any CPU
		{4BA05EF7-5312-4B37-B0A2-07E68DD05BEA}.SL40-Debug|Any CPU.Build.0 = Debug|Any CPU
		{4BA05EF7-5312-4B37-B0A2-07E68DD05BEA}.SL40-Release|Any CPU.ActiveCfg = Debug|Any CPU
		{4BA05EF7-5312-4B37-B0A2-07E68DD05BEA}.SL40-Release|Any CPU.Build.0 = Debug|Any CPU
		{4BA05EF7-5312-4B37-B0A2-07E68DD05BEA}.SL50-Debug|Any CPU.ActiveCfg = Debug|Any CPU
		{4BA05EF7-5312-4B37-B0A2-07E68DD05BEA}.SL50-Debug|Any CPU.Build.0 = Debug|Any CPU
		{4BA05EF7-5312-4B37-B0A2-07E68DD05BEA}.SL50-Release|Any CPU.ActiveCfg = Debug|Any CPU
		{4BA05EF7-5312-4B37-B0A2-07E68DD05BEA}.SL50-Release|Any CPU.Build.0 = Debug|Any CPU
		{C0CF8F4F-8D96-43C8-92A2-35029C643A84}.Debug|Any CPU.ActiveCfg = Debug|Any CPU
		{C0CF8F4F-8D96-43C8-92A2-35029C643A84}.Debug|Any CPU.Build.0 = Debug|Any CPU
		{C0CF8F4F-8D96-43C8-92A2-35029C643A84}.MONO28-Debug|Any CPU.ActiveCfg = Debug|Any CPU
		{C0CF8F4F-8D96-43C8-92A2-35029C643A84}.MONO28-Debug|Any CPU.Build.0 = Debug|Any CPU
		{C0CF8F4F-8D96-43C8-92A2-35029C643A84}.MONO28-Release|Any CPU.ActiveCfg = Debug|Any CPU
		{C0CF8F4F-8D96-43C8-92A2-35029C643A84}.MONO28-Release|Any CPU.Build.0 = Debug|Any CPU
		{C0CF8F4F-8D96-43C8-92A2-35029C643A84}.NET35-Debug|Any CPU.ActiveCfg = Debug|Any CPU
		{C0CF8F4F-8D96-43C8-92A2-35029C643A84}.NET35-Debug|Any CPU.Build.0 = Debug|Any CPU
		{C0CF8F4F-8D96-43C8-92A2-35029C643A84}.NET35-Release|Any CPU.ActiveCfg = Debug|Any CPU
		{C0CF8F4F-8D96-43C8-92A2-35029C643A84}.NET35-Release|Any CPU.Build.0 = Debug|Any CPU
		{C0CF8F4F-8D96-43C8-92A2-35029C643A84}.NET40-Debug|Any CPU.ActiveCfg = Debug|Any CPU
		{C0CF8F4F-8D96-43C8-92A2-35029C643A84}.NET40-Debug|Any CPU.Build.0 = Debug|Any CPU
		{C0CF8F4F-8D96-43C8-92A2-35029C643A84}.NET40-Release|Any CPU.ActiveCfg = Debug|Any CPU
		{C0CF8F4F-8D96-43C8-92A2-35029C643A84}.NET40-Release|Any CPU.Build.0 = Debug|Any CPU
		{C0CF8F4F-8D96-43C8-92A2-35029C643A84}.NET45-Debug|Any CPU.ActiveCfg = Debug|Any CPU
		{C0CF8F4F-8D96-43C8-92A2-35029C643A84}.NET45-Debug|Any CPU.Build.0 = Debug|Any CPU
		{C0CF8F4F-8D96-43C8-92A2-35029C643A84}.NET45-Release|Any CPU.ActiveCfg = Debug|Any CPU
		{C0CF8F4F-8D96-43C8-92A2-35029C643A84}.NET45-Release|Any CPU.Build.0 = Debug|Any CPU
		{C0CF8F4F-8D96-43C8-92A2-35029C643A84}.Release|Any CPU.ActiveCfg = Release|Any CPU
		{C0CF8F4F-8D96-43C8-92A2-35029C643A84}.Release|Any CPU.Build.0 = Release|Any CPU
		{C0CF8F4F-8D96-43C8-92A2-35029C643A84}.SL40-Debug|Any CPU.ActiveCfg = Debug|Any CPU
		{C0CF8F4F-8D96-43C8-92A2-35029C643A84}.SL40-Debug|Any CPU.Build.0 = Debug|Any CPU
		{C0CF8F4F-8D96-43C8-92A2-35029C643A84}.SL40-Release|Any CPU.ActiveCfg = Debug|Any CPU
		{C0CF8F4F-8D96-43C8-92A2-35029C643A84}.SL40-Release|Any CPU.Build.0 = Debug|Any CPU
		{C0CF8F4F-8D96-43C8-92A2-35029C643A84}.SL50-Debug|Any CPU.ActiveCfg = Debug|Any CPU
		{C0CF8F4F-8D96-43C8-92A2-35029C643A84}.SL50-Debug|Any CPU.Build.0 = Debug|Any CPU
		{C0CF8F4F-8D96-43C8-92A2-35029C643A84}.SL50-Release|Any CPU.ActiveCfg = Debug|Any CPU
		{C0CF8F4F-8D96-43C8-92A2-35029C643A84}.SL50-Release|Any CPU.Build.0 = Debug|Any CPU
		{D42F1E6A-CD91-49CE-B3D0-95906C62C471}.Debug|Any CPU.ActiveCfg = Debug|Any CPU
		{D42F1E6A-CD91-49CE-B3D0-95906C62C471}.Debug|Any CPU.Build.0 = Debug|Any CPU
		{D42F1E6A-CD91-49CE-B3D0-95906C62C471}.MONO28-Debug|Any CPU.ActiveCfg = Debug|Any CPU
		{D42F1E6A-CD91-49CE-B3D0-95906C62C471}.MONO28-Debug|Any CPU.Build.0 = Debug|Any CPU
		{D42F1E6A-CD91-49CE-B3D0-95906C62C471}.MONO28-Release|Any CPU.ActiveCfg = Debug|Any CPU
		{D42F1E6A-CD91-49CE-B3D0-95906C62C471}.MONO28-Release|Any CPU.Build.0 = Debug|Any CPU
		{D42F1E6A-CD91-49CE-B3D0-95906C62C471}.NET35-Debug|Any CPU.ActiveCfg = Debug|Any CPU
		{D42F1E6A-CD91-49CE-B3D0-95906C62C471}.NET35-Debug|Any CPU.Build.0 = Debug|Any CPU
		{D42F1E6A-CD91-49CE-B3D0-95906C62C471}.NET35-Release|Any CPU.ActiveCfg = Debug|Any CPU
		{D42F1E6A-CD91-49CE-B3D0-95906C62C471}.NET35-Release|Any CPU.Build.0 = Debug|Any CPU
		{D42F1E6A-CD91-49CE-B3D0-95906C62C471}.NET40-Debug|Any CPU.ActiveCfg = Debug|Any CPU
		{D42F1E6A-CD91-49CE-B3D0-95906C62C471}.NET40-Debug|Any CPU.Build.0 = Debug|Any CPU
		{D42F1E6A-CD91-49CE-B3D0-95906C62C471}.NET40-Release|Any CPU.ActiveCfg = Debug|Any CPU
		{D42F1E6A-CD91-49CE-B3D0-95906C62C471}.NET40-Release|Any CPU.Build.0 = Debug|Any CPU
		{D42F1E6A-CD91-49CE-B3D0-95906C62C471}.NET45-Debug|Any CPU.ActiveCfg = Debug|Any CPU
		{D42F1E6A-CD91-49CE-B3D0-95906C62C471}.NET45-Debug|Any CPU.Build.0 = Debug|Any CPU
		{D42F1E6A-CD91-49CE-B3D0-95906C62C471}.NET45-Release|Any CPU.ActiveCfg = Debug|Any CPU
		{D42F1E6A-CD91-49CE-B3D0-95906C62C471}.NET45-Release|Any CPU.Build.0 = Debug|Any CPU
		{D42F1E6A-CD91-49CE-B3D0-95906C62C471}.Release|Any CPU.ActiveCfg = Release|Any CPU
		{D42F1E6A-CD91-49CE-B3D0-95906C62C471}.Release|Any CPU.Build.0 = Release|Any CPU
		{D42F1E6A-CD91-49CE-B3D0-95906C62C471}.SL40-Debug|Any CPU.ActiveCfg = Debug|Any CPU
		{D42F1E6A-CD91-49CE-B3D0-95906C62C471}.SL40-Debug|Any CPU.Build.0 = Debug|Any CPU
		{D42F1E6A-CD91-49CE-B3D0-95906C62C471}.SL40-Release|Any CPU.ActiveCfg = Debug|Any CPU
		{D42F1E6A-CD91-49CE-B3D0-95906C62C471}.SL40-Release|Any CPU.Build.0 = Debug|Any CPU
		{D42F1E6A-CD91-49CE-B3D0-95906C62C471}.SL50-Debug|Any CPU.ActiveCfg = Debug|Any CPU
		{D42F1E6A-CD91-49CE-B3D0-95906C62C471}.SL50-Debug|Any CPU.Build.0 = Debug|Any CPU
		{D42F1E6A-CD91-49CE-B3D0-95906C62C471}.SL50-Release|Any CPU.ActiveCfg = Debug|Any CPU
		{D42F1E6A-CD91-49CE-B3D0-95906C62C471}.SL50-Release|Any CPU.Build.0 = Debug|Any CPU
		{E421F9CE-9BD9-4A85-8CF4-4919B013063E}.Debug|Any CPU.ActiveCfg = Debug|Any CPU
		{E421F9CE-9BD9-4A85-8CF4-4919B013063E}.Debug|Any CPU.Build.0 = Debug|Any CPU
		{E421F9CE-9BD9-4A85-8CF4-4919B013063E}.MONO28-Debug|Any CPU.ActiveCfg = Debug|Any CPU
		{E421F9CE-9BD9-4A85-8CF4-4919B013063E}.MONO28-Debug|Any CPU.Build.0 = Debug|Any CPU
		{E421F9CE-9BD9-4A85-8CF4-4919B013063E}.MONO28-Release|Any CPU.ActiveCfg = Debug|Any CPU
		{E421F9CE-9BD9-4A85-8CF4-4919B013063E}.MONO28-Release|Any CPU.Build.0 = Debug|Any CPU
		{E421F9CE-9BD9-4A85-8CF4-4919B013063E}.NET35-Debug|Any CPU.ActiveCfg = Debug|Any CPU
		{E421F9CE-9BD9-4A85-8CF4-4919B013063E}.NET35-Debug|Any CPU.Build.0 = Debug|Any CPU
		{E421F9CE-9BD9-4A85-8CF4-4919B013063E}.NET35-Release|Any CPU.ActiveCfg = Debug|Any CPU
		{E421F9CE-9BD9-4A85-8CF4-4919B013063E}.NET35-Release|Any CPU.Build.0 = Debug|Any CPU
		{E421F9CE-9BD9-4A85-8CF4-4919B013063E}.NET40-Debug|Any CPU.ActiveCfg = Debug|Any CPU
		{E421F9CE-9BD9-4A85-8CF4-4919B013063E}.NET40-Debug|Any CPU.Build.0 = Debug|Any CPU
		{E421F9CE-9BD9-4A85-8CF4-4919B013063E}.NET40-Release|Any CPU.ActiveCfg = Debug|Any CPU
		{E421F9CE-9BD9-4A85-8CF4-4919B013063E}.NET40-Release|Any CPU.Build.0 = Debug|Any CPU
		{E421F9CE-9BD9-4A85-8CF4-4919B013063E}.NET45-Debug|Any CPU.ActiveCfg = Debug|Any CPU
		{E421F9CE-9BD9-4A85-8CF4-4919B013063E}.NET45-Debug|Any CPU.Build.0 = Debug|Any CPU
		{E421F9CE-9BD9-4A85-8CF4-4919B013063E}.NET45-Release|Any CPU.ActiveCfg = Debug|Any CPU
		{E421F9CE-9BD9-4A85-8CF4-4919B013063E}.NET45-Release|Any CPU.Build.0 = Debug|Any CPU
		{E421F9CE-9BD9-4A85-8CF4-4919B013063E}.Release|Any CPU.ActiveCfg = Release|Any CPU
		{E421F9CE-9BD9-4A85-8CF4-4919B013063E}.Release|Any CPU.Build.0 = Release|Any CPU
		{E421F9CE-9BD9-4A85-8CF4-4919B013063E}.SL40-Debug|Any CPU.ActiveCfg = Debug|Any CPU
		{E421F9CE-9BD9-4A85-8CF4-4919B013063E}.SL40-Debug|Any CPU.Build.0 = Debug|Any CPU
		{E421F9CE-9BD9-4A85-8CF4-4919B013063E}.SL40-Release|Any CPU.ActiveCfg = Debug|Any CPU
		{E421F9CE-9BD9-4A85-8CF4-4919B013063E}.SL40-Release|Any CPU.Build.0 = Debug|Any CPU
		{E421F9CE-9BD9-4A85-8CF4-4919B013063E}.SL50-Debug|Any CPU.ActiveCfg = Debug|Any CPU
		{E421F9CE-9BD9-4A85-8CF4-4919B013063E}.SL50-Debug|Any CPU.Build.0 = Debug|Any CPU
		{E421F9CE-9BD9-4A85-8CF4-4919B013063E}.SL50-Release|Any CPU.ActiveCfg = Debug|Any CPU
		{E421F9CE-9BD9-4A85-8CF4-4919B013063E}.SL50-Release|Any CPU.Build.0 = Debug|Any CPU
		{ECEDCBF3-7039-4A01-B87A-DA84DA939404}.Debug|Any CPU.ActiveCfg = Debug|Any CPU
		{ECEDCBF3-7039-4A01-B87A-DA84DA939404}.Debug|Any CPU.Build.0 = Debug|Any CPU
		{ECEDCBF3-7039-4A01-B87A-DA84DA939404}.MONO28-Debug|Any CPU.ActiveCfg = Debug|Any CPU
		{ECEDCBF3-7039-4A01-B87A-DA84DA939404}.MONO28-Debug|Any CPU.Build.0 = Debug|Any CPU
		{ECEDCBF3-7039-4A01-B87A-DA84DA939404}.MONO28-Release|Any CPU.ActiveCfg = Debug|Any CPU
		{ECEDCBF3-7039-4A01-B87A-DA84DA939404}.MONO28-Release|Any CPU.Build.0 = Debug|Any CPU
		{ECEDCBF3-7039-4A01-B87A-DA84DA939404}.NET35-Debug|Any CPU.ActiveCfg = Debug|Any CPU
		{ECEDCBF3-7039-4A01-B87A-DA84DA939404}.NET35-Debug|Any CPU.Build.0 = Debug|Any CPU
		{ECEDCBF3-7039-4A01-B87A-DA84DA939404}.NET35-Release|Any CPU.ActiveCfg = Debug|Any CPU
		{ECEDCBF3-7039-4A01-B87A-DA84DA939404}.NET35-Release|Any CPU.Build.0 = Debug|Any CPU
		{ECEDCBF3-7039-4A01-B87A-DA84DA939404}.NET40-Debug|Any CPU.ActiveCfg = Debug|Any CPU
		{ECEDCBF3-7039-4A01-B87A-DA84DA939404}.NET40-Debug|Any CPU.Build.0 = Debug|Any CPU
		{ECEDCBF3-7039-4A01-B87A-DA84DA939404}.NET40-Release|Any CPU.ActiveCfg = Debug|Any CPU
		{ECEDCBF3-7039-4A01-B87A-DA84DA939404}.NET40-Release|Any CPU.Build.0 = Debug|Any CPU
		{ECEDCBF3-7039-4A01-B87A-DA84DA939404}.NET45-Debug|Any CPU.ActiveCfg = Debug|Any CPU
		{ECEDCBF3-7039-4A01-B87A-DA84DA939404}.NET45-Debug|Any CPU.Build.0 = Debug|Any CPU
		{ECEDCBF3-7039-4A01-B87A-DA84DA939404}.NET45-Release|Any CPU.ActiveCfg = Debug|Any CPU
		{ECEDCBF3-7039-4A01-B87A-DA84DA939404}.NET45-Release|Any CPU.Build.0 = Debug|Any CPU
		{ECEDCBF3-7039-4A01-B87A-DA84DA939404}.Release|Any CPU.ActiveCfg = Release|Any CPU
		{ECEDCBF3-7039-4A01-B87A-DA84DA939404}.Release|Any CPU.Build.0 = Release|Any CPU
		{ECEDCBF3-7039-4A01-B87A-DA84DA939404}.SL40-Debug|Any CPU.ActiveCfg = Debug|Any CPU
		{ECEDCBF3-7039-4A01-B87A-DA84DA939404}.SL40-Debug|Any CPU.Build.0 = Debug|Any CPU
		{ECEDCBF3-7039-4A01-B87A-DA84DA939404}.SL40-Release|Any CPU.ActiveCfg = Debug|Any CPU
		{ECEDCBF3-7039-4A01-B87A-DA84DA939404}.SL40-Release|Any CPU.Build.0 = Debug|Any CPU
		{ECEDCBF3-7039-4A01-B87A-DA84DA939404}.SL50-Debug|Any CPU.ActiveCfg = Debug|Any CPU
		{ECEDCBF3-7039-4A01-B87A-DA84DA939404}.SL50-Debug|Any CPU.Build.0 = Debug|Any CPU
		{ECEDCBF3-7039-4A01-B87A-DA84DA939404}.SL50-Release|Any CPU.ActiveCfg = Debug|Any CPU
		{ECEDCBF3-7039-4A01-B87A-DA84DA939404}.SL50-Release|Any CPU.Build.0 = Debug|Any CPU
	EndGlobalSection
	GlobalSection(MonoDevelopProperties) = preSolution
		StartupItem = Restful.NUnitTests\Restful.NUnitTests.csproj
		Policies = $0
		$0.DotNetNamingPolicy = $1
		$1.DirectoryNamespaceAssociation = PrefixedFlat
		$1.ResourceNamePolicy = FileFormatDefault
		version = 2.0
	EndGlobalSection
	GlobalSection(SolutionProperties) = preSolution
		HideSolutionNode = FALSE
	EndGlobalSection
EndGlobal
